
Microsoft Visual Studio Solution File, Format Version 12.00
# Visual Studio Version 17
VisualStudioVersion = 17.14.36518.9 d17.14
MinimumVisualStudioVersion = 10.0.40219.1
Project("{FAE04EC0-301F-11D3-BF4B-00C04F79EFBC}") = "Lab1_CompaniesIdentity", "Lab1_CompaniesIdentity\Lab1_CompaniesIdentity.csproj", "{B210E07D-2E66-4707-8354-FC08FF7E2C04}"
EndProject
Global
	GlobalSection(SolutionConfigurationPlatforms) = preSolution
		Debug|Any CPU = Debug|Any CPU
		Release|Any CPU = Release|Any CPU
	EndGlobalSection
	GlobalSection(ProjectConfigurationPlatforms) = postSolution
		{B210E07D-2E66-4707-8354-FC08FF7E2C04}.Debug|Any CPU.ActiveCfg = Debug|Any CPU
		{B210E07D-2E66-4707-8354-FC08FF7E2C04}.Debug|Any CPU.Build.0 = Debug|Any CPU
		{B210E07D-2E66-4707-8354-FC08FF7E2C04}.Release|Any CPU.ActiveCfg = Release|Any CPU
		{B210E07D-2E66-4707-8354-FC08FF7E2C04}.Release|Any CPU.Build.0 = Release|Any CPU
	EndGlobalSection
	GlobalSection(SolutionProperties) = preSolution
		HideSolutionNode = FALSE
	EndGlobalSection
	GlobalSection(ExtensibilityGlobals) = postSolution
		SolutionGuid = {AACC5D6B-26DC-47F0-80AE-29A24F0F8B74}
	EndGlobalSection
EndGlobal
